
Microsoft Visual Studio Solution File, Format Version 12.00
# Visual Studio Version 16
VisualStudioVersion = 16.0.31624.102
MinimumVisualStudioVersion = 10.0.40219.1
Project("{FAE04EC0-301F-11D3-BF4B-00C04F79EFBC}") = "WinFormsApp1", "WinFormsApp1\WinFormsApp1.csproj", "{B742FB86-ED13-480F-A809-753314A0C7A2}"
EndProject
Global
	GlobalSection(SolutionConfigurationPlatforms) = preSolution
		Debug|Any CPU = Debug|Any CPU
		Release|Any CPU = Release|Any CPU
	EndGlobalSection
	GlobalSection(ProjectConfigurationPlatforms) = postSolution
		{B742FB86-ED13-480F-A809-753314A0C7A2}.Debug|Any CPU.ActiveCfg = Debug|Any CPU
		{B742FB86-ED13-480F-A809-753314A0C7A2}.Debug|Any CPU.Build.0 = Debug|Any CPU
		{B742FB86-ED13-480F-A809-753314A0C7A2}.Release|Any CPU.ActiveCfg = Release|Any CPU
		{B742FB86-ED13-480F-A809-753314A0C7A2}.Release|Any CPU.Build.0 = Release|Any CPU
	EndGlobalSection
	GlobalSection(SolutionProperties) = preSolution
		HideSolutionNode = FALSE
	EndGlobalSection
	GlobalSection(ExtensibilityGlobals) = postSolution
		SolutionGuid = {A3447385-C33B-4099-9CFB-DB86A0014077}
	EndGlobalSection
EndGlobal
